// !$*UTF8*$!
{
	archiveVersion = 1;
	classes = {
	};
	objectVersion = 50;
	objects = {

/* Begin PBXBuildFile section */
		3D312CA82414AB8E00448936 /* AppDelegate.swift in Sources */ = {isa = PBXBuildFile; fileRef = 3D312CA72414AB8E00448936 /* AppDelegate.swift */; };
		3D312CAA2414AB8E00448936 /* SceneDelegate.swift in Sources */ = {isa = PBXBuildFile; fileRef = 3D312CA92414AB8E00448936 /* SceneDelegate.swift */; };
		3D312CAC2414AB8E00448936 /* ViewController.swift in Sources */ = {isa = PBXBuildFile; fileRef = 3D312CAB2414AB8E00448936 /* ViewController.swift */; };
		3D312CAF2414AB8E00448936 /* Main.storyboard in Resources */ = {isa = PBXBuildFile; fileRef = 3D312CAD2414AB8E00448936 /* Main.storyboard */; };
		3D312CB12414AB8F00448936 /* Assets.xcassets in Resources */ = {isa = PBXBuildFile; fileRef = 3D312CB02414AB8F00448936 /* Assets.xcassets */; };
		3D312CB42414AB8F00448936 /* LaunchScreen.storyboard in Resources */ = {isa = PBXBuildFile; fileRef = 3D312CB22414AB8F00448936 /* LaunchScreen.storyboard */; };
		3D312CC02414B31D00448936 /* PageViewController.swift in Sources */ = {isa = PBXBuildFile; fileRef = 3D312CBF2414B31D00448936 /* PageViewController.swift */; };
		3D312CC22414C47A00448936 /* FoodCategory1ViewController.swift in Sources */ = {isa = PBXBuildFile; fileRef = 3D312CC12414C47A00448936 /* FoodCategory1ViewController.swift */; };
		3D312CC42414D39700448936 /* FoodCategory2ViewController.swift in Sources */ = {isa = PBXBuildFile; fileRef = 3D312CC32414D39700448936 /* FoodCategory2ViewController.swift */; };
/* End PBXBuildFile section */

/* Begin PBXFileReference section */
		3D312CA42414AB8E00448936 /* mainPage.app */ = {isa = PBXFileReference; explicitFileType = wrapper.application; includeInIndex = 0; path = mainPage.app; sourceTree = BUILT_PRODUCTS_DIR; };
		3D312CA72414AB8E00448936 /* AppDelegate.swift */ = {isa = PBXFileReference; lastKnownFileType = sourcecode.swift; path = AppDelegate.swift; sourceTree = "<group>"; };
		3D312CA92414AB8E00448936 /* SceneDelegate.swift */ = {isa = PBXFileReference; lastKnownFileType = sourcecode.swift; path = SceneDelegate.swift; sourceTree = "<group>"; };
		3D312CAB2414AB8E00448936 /* ViewController.swift */ = {isa = PBXFileReference; lastKnownFileType = sourcecode.swift; path = ViewController.swift; sourceTree = "<group>"; };
		3D312CAE2414AB8E00448936 /* Base */ = {isa = PBXFileReference; lastKnownFileType = file.storyboard; name = Base; path = Base.lproj/Main.storyboard; sourceTree = "<group>"; };
		3D312CB02414AB8F00448936 /* Assets.xcassets */ = {isa = PBXFileReference; lastKnownFileType = folder.assetcatalog; path = Assets.xcassets; sourceTree = "<group>"; };
		3D312CB32414AB8F00448936 /* Base */ = {isa = PBXFileReference; lastKnownFileType = file.storyboard; name = Base; path = Base.lproj/LaunchScreen.storyboard; sourceTree = "<group>"; };
		3D312CB52414AB8F00448936 /* Info.plist */ = {isa = PBXFileReference; lastKnownFileType = text.plist.xml; path = Info.plist; sourceTree = "<group>"; };
		3D312CBF2414B31D00448936 /* PageViewController.swift */ = {isa = PBXFileReference; lastKnownFileType = sourcecode.swift; path = PageViewController.swift; sourceTree = "<group>"; };
		3D312CC12414C47A00448936 /* FoodCategory1ViewController.swift */ = {isa = PBXFileReference; lastKnownFileType = sourcecode.swift; path = FoodCategory1ViewController.swift; sourceTree = "<group>"; };
		3D312CC32414D39700448936 /* FoodCategory2ViewController.swift */ = {isa = PBXFileReference; lastKnownFileType = sourcecode.swift; path = FoodCategory2ViewController.swift; sourceTree = "<group>"; };
/* End PBXFileReference section */

/* Begin PBXFrameworksBuildPhase section */
		3D312CA12414AB8E00448936 /* Frameworks */ = {
			isa = PBXFrameworksBuildPhase;
			buildActionMask = 2147483647;
			files = (
			);
			runOnlyForDeploymentPostprocessing = 0;
		};
/* End PBXFrameworksBuildPhase section */

/* Begin PBXGroup section */
		3D312C9B2414AB8E00448936 = {
			isa = PBXGroup;
			children = (
				3D312CA62414AB8E00448936 /* mainPage */,
				3D312CA52414AB8E00448936 /* Products */,
			);
			sourceTree = "<group>";
		};
		3D312CA52414AB8E00448936 /* Products */ = {
			isa = PBXGroup;
			children = (
				3D312CA42414AB8E00448936 /* mainPage.app */,
			);
			name = Products;
			sourceTree = "<group>";
		};
		3D312CA62414AB8E00448936 /* mainPage */ = {
			isa = PBXGroup;
			children = (
				3D312CA72414AB8E00448936 /* AppDelegate.swift */,
				3D312CA92414AB8E00448936 /* SceneDelegate.swift */,
				3D312CC12414C47A00448936 /* FoodCategory1ViewController.swift */,
				3D312CC32414D39700448936 /* FoodCategory2ViewController.swift */,
				3D312CAD2414AB8E00448936 /* Main.storyboard */,
				3D312CAB2414AB8E00448936 /* ViewController.swift */,
				3D312CBF2414B31D00448936 /* PageViewController.swift */,
				3D312CB02414AB8F00448936 /* Assets.xcassets */,
				3D312CB22414AB8F00448936 /* LaunchScreen.storyboard */,
				3D312CB52414AB8F00448936 /* Info.plist */,
			);
			path = mainPage;
			sourceTree = "<group>";
		};
/* End PBXGroup section */

/* Begin PBXNativeTarget section */
		3D312CA32414AB8E00448936 /* mainPage */ = {
			isa = PBXNativeTarget;
			buildConfigurationList = 3D312CB82414AB8F00448936 /* Build configuration list for PBXNativeTarget "mainPage" */;
			buildPhases = (
				3D312CA02414AB8E00448936 /* Sources */,
				3D312CA12414AB8E00448936 /* Frameworks */,
				3D312CA22414AB8E00448936 /* Resources */,
			);
			buildRules = (
			);
			dependencies = (
			);
			name = mainPage;
			productName = mainPage;
			productReference = 3D312CA42414AB8E00448936 /* mainPage.app */;
			productType = "com.apple.product-type.application";
		};
/* End PBXNativeTarget section */

/* Begin PBXProject section */
		3D312C9C2414AB8E00448936 /* Project object */ = {
			isa = PBXProject;
			attributes = {
				LastSwiftUpdateCheck = 1130;
				LastUpgradeCheck = 1130;
				ORGANIZATIONNAME = "Kang Mingu";
				TargetAttributes = {
					3D312CA32414AB8E00448936 = {
						CreatedOnToolsVersion = 11.3;
					};
				};
			};
			buildConfigurationList = 3D312C9F2414AB8E00448936 /* Build configuration list for PBXProject "mainPage" */;
			compatibilityVersion = "Xcode 9.3";
			developmentRegion = en;
			hasScannedForEncodings = 0;
			knownRegions = (
				en,
				Base,
			);
			mainGroup = 3D312C9B2414AB8E00448936;
			productRefGroup = 3D312CA52414AB8E00448936 /* Products */;
			projectDirPath = "";
			projectRoot = "";
			targets = (
				3D312CA32414AB8E00448936 /* mainPage */,
			);
		};
/* End PBXProject section */

/* Begin PBXResourcesBuildPhase section */
		3D312CA22414AB8E00448936 /* Resources */ = {
			isa = PBXResourcesBuildPhase;
			buildActionMask = 2147483647;
			files = (
				3D312CB42414AB8F00448936 /* LaunchScreen.storyboard in Resources */,
				3D312CB12414AB8F00448936 /* Assets.xcassets in Resources */,
				3D312CAF2414AB8E00448936 /* Main.storyboard in Resources */,
			);
			runOnlyForDeploymentPostprocessing = 0;
		};
/* End PBXResourcesBuildPhase section */

/* Begin PBXSourcesBuildPhase section */
		3D312CA02414AB8E00448936 /* Sources */ = {
			isa = PBXSourcesBuildPhase;
			buildActionMask = 2147483647;
			files = (
				3D312CAC2414AB8E00448936 /* ViewController.swift in Sources */,
				3D312CC42414D39700448936 /* FoodCategory2ViewController.swift in Sources */,
				3D312CC22414C47A00448936 /* FoodCategory1ViewController.swift in Sources */,
				3D312CA82414AB8E00448936 /* AppDelegate.swift in Sources */,
				3D312CAA2414AB8E00448936 /* SceneDelegate.swift in Sources */,
				3D312CC02414B31D00448936 /* PageViewController.swift in Sources */,
			);
			runOnlyForDeploymentPostprocessing = 0;
		};
/* End PBXSourcesBuildPhase section */

/* Begin PBXVariantGroup section */
		3D312CAD2414AB8E00448936 /* Main.storyboard */ = {
			isa = PBXVariantGroup;
			children = (
				3D312CAE2414AB8E00448936 /* Base */,
			);
			name = Main.storyboard;
			sourceTree = "<group>";
		};
		3D312CB22414AB8F00448936 /* LaunchScreen.storyboard */ = {
			isa = PBXVariantGroup;
			children = (
				3D312CB32414AB8F00448936 /* Base */,
			);
			name = LaunchScreen.storyboard;
			sourceTree = "<group>";
		};
/* End PBXVariantGroup section */

/* Begin XCBuildConfiguration section */
		3D312CB62414AB8F00448936 /* Debug */ = {
			isa = XCBuildConfiguration;
			buildSettings = {
				ALWAYS_SEARCH_USER_PATHS = NO;
				CLANG_ANALYZER_NONNULL = YES;
				CLANG_ANALYZER_NUMBER_OBJECT_CONVERSION = YES_AGGRESSIVE;
				CLANG_CXX_LANGUAGE_STANDARD = "gnu++14";
				CLANG_CXX_LIBRARY = "libc++";
				CLANG_ENABLE_MODULES = YES;
				CLANG_ENABLE_OBJC_ARC = YES;
				CLANG_ENABLE_OBJC_WEAK = YES;
				CLANG_WARN_BLOCK_CAPTURE_AUTORELEASING = YES;
				CLANG_WARN_BOOL_CONVERSION = YES;
				CLANG_WARN_COMMA = YES;
				CLANG_WARN_CONSTANT_CONVERSION = YES;
				CLANG_WARN_DEPRECATED_OBJC_IMPLEMENTATIONS = YES;
				CLANG_WARN_DIRECT_OBJC_ISA_USAGE = YES_ERROR;
				CLANG_WARN_DOCUMENTATION_COMMENTS = YES;
				CLANG_WARN_EMPTY_BODY = YES;
				CLANG_WARN_ENUM_CONVERSION = YES;
				CLANG_WARN_INFINITE_RECURSION = YES;
				CLANG_WARN_INT_CONVERSION = YES;
				CLANG_WARN_NON_LITERAL_NULL_CONVERSION = YES;
				CLANG_WARN_OBJC_IMPLICIT_RETAIN_SELF = YES;
				CLANG_WARN_OBJC_LITERAL_CONVERSION = YES;
				CLANG_WARN_OBJC_ROOT_CLASS = YES_ERROR;
				CLANG_WARN_RANGE_LOOP_ANALYSIS = YES;
				CLANG_WARN_STRICT_PROTOTYPES = YES;
				CLANG_WARN_SUSPICIOUS_MOVE = YES;
				CLANG_WARN_UNGUARDED_AVAILABILITY = YES_AGGRESSIVE;
				CLANG_WARN_UNREACHABLE_CODE = YES;
				CLANG_WARN__DUPLICATE_METHOD_MATCH = YES;
				COPY_PHASE_STRIP = NO;
				DEBUG_INFORMATION_FORMAT = dwarf;
				ENABLE_STRICT_OBJC_MSGSEND = YES;
				ENABLE_TESTABILITY = YES;
				GCC_C_LANGUAGE_STANDARD = gnu11;
				GCC_DYNAMIC_NO_PIC = NO;
				GCC_NO_COMMON_BLOCKS = YES;
				GCC_OPTIMIZATION_LEVEL = 0;
				GCC_PREPROCESSOR_DEFINITIONS = (
					"DEBUG=1",
					"$(inherited)",
				);
				GCC_WARN_64_TO_32_BIT_CONVERSION = YES;
				GCC_WARN_ABOUT_RETURN_TYPE = YES_ERROR;
				GCC_WARN_UNDECLARED_SELECTOR = YES;
				GCC_WARN_UNINITIALIZED_AUTOS = YES_AGGRESSIVE;
				GCC_WARN_UNUSED_FUNCTION = YES;
				GCC_WARN_UNUSED_VARIABLE = YES;
				IPHONEOS_DEPLOYMENT_TARGET = 13.2;
				MTL_ENABLE_DEBUG_INFO = INCLUDE_SOURCE;
				MTL_FAST_MATH = YES;
				ONLY_ACTIVE_ARCH = YES;
				SDKROOT = iphoneos;
				SWIFT_ACTIVE_COMPILATION_CONDITIONS = DEBUG;
				SWIFT_OPTIMIZATION_LEVEL = "-Onone";
			};
			name = Debug;
		};
		3D312CB72414AB8F00448936 /* Release */ = {
			isa = XCBuildConfiguration;
			buildSettings = {
				ALWAYS_SEARCH_USER_PATHS = NO;
				CLANG_ANALYZER_NONNULL = YES;
				CLANG_ANALYZER_NUMBER_OBJECT_CONVERSION = YES_AGGRESSIVE;
				CLANG_CXX_LANGUAGE_STANDARD = "gnu++14";
				CLANG_CXX_LIBRARY = "libc++";
				CLANG_ENABLE_MODULES = YES;
				CLANG_ENABLE_OBJC_ARC = YES;
				CLANG_ENABLE_OBJC_WEAK = YES;
				CLANG_WARN_BLOCK_CAPTURE_AUTORELEASING = YES;
				CLANG_WARN_BOOL_CONVERSION = YES;
				CLANG_WARN_COMMA = YES;
				CLANG_WARN_CONSTANT_CONVERSION = YES;
				CLANG_WARN_DEPRECATED_OBJC_IMPLEMENTATIONS = YES;
				CLANG_WARN_DIRECT_OBJC_ISA_USAGE = YES_ERROR;
				CLANG_WARN_DOCUMENTATION_COMMENTS = YES;
				CLANG_WARN_EMPTY_BODY = YES;
				CLANG_WARN_ENUM_CONVERSION = YES;
				CLANG_WARN_INFINITE_RECURSION = YES;
				CLANG_WARN_INT_CONVERSION = YES;
				CLANG_WARN_NON_LITERAL_NULL_CONVERSION = YES;
				CLANG_WARN_OBJC_IMPLICIT_RETAIN_SELF = YES;
				CLANG_WARN_OBJC_LITERAL_CONVERSION = YES;
				CLANG_WARN_OBJC_ROOT_CLASS = YES_ERROR;
				CLANG_WARN_RANGE_LOOP_ANALYSIS = YES;
				CLANG_WARN_STRICT_PROTOTYPES = YES;
				CLANG_WARN_SUSPICIOUS_MOVE = YES;
				CLANG_WARN_UNGUARDED_AVAILABILITY = YES_AGGRESSIVE;
				CLANG_WARN_UNREACHABLE_CODE = YES;
				CLANG_WARN__DUPLICATE_METHOD_MATCH = YES;
				COPY_PHASE_STRIP = NO;
				DEBUG_INFORMATION_FORMAT = "dwarf-with-dsym";
				ENABLE_NS_ASSERTIONS = NO;
				ENABLE_STRICT_OBJC_MSGSEND = YES;
				GCC_C_LANGUAGE_STANDARD = gnu11;
				GCC_NO_COMMON_BLOCKS = YES;
				GCC_WARN_64_TO_32_BIT_CONVERSION = YES;
				GCC_WARN_ABOUT_RETURN_TYPE = YES_ERROR;
				GCC_WARN_UNDECLARED_SELECTOR = YES;
				GCC_WARN_UNINITIALIZED_AUTOS = YES_AGGRESSIVE;
				GCC_WARN_UNUSED_FUNCTION = YES;
				GCC_WARN_UNUSED_VARIABLE = YES;
				IPHONEOS_DEPLOYMENT_TARGET = 13.2;
				MTL_ENABLE_DEBUG_INFO = NO;
				MTL_FAST_MATH = YES;
				SDKROOT = iphoneos;
				SWIFT_COMPILATION_MODE = wholemodule;
				SWIFT_OPTIMIZATION_LEVEL = "-O";
				VALIDATE_PRODUCT = YES;
			};
			name = Release;
		};
		3D312CB92414AB8F00448936 /* Debug */ = {
			isa = XCBuildConfiguration;
			buildSettings = {
				ASSETCATALOG_COMPILER_APPICON_NAME = AppIcon;
				CODE_SIGN_STYLE = Automatic;
				INFOPLIST_FILE = mainPage/Info.plist;
				LD_RUNPATH_SEARCH_PATHS = (
					"$(inherited)",
					"@executable_path/Frameworks",
				);
				PRODUCT_BUNDLE_IDENTIFIER = com.minguking.foodia.mainPage;
				PRODUCT_NAME = "$(TARGET_NAME)";
				SWIFT_VERSION = 5.0;
				TARGETED_DEVICE_FAMILY = "1,2";
			};
			name = Debug;
		};
		3D312CBA2414AB8F00448936 /* Release */ = {
			isa = XCBuildConfiguration;
			buildSettings = {
				ASSETCATALOG_COMPILER_APPICON_NAME = AppIcon;
				CODE_SIGN_STYLE = Automatic;
				INFOPLIST_FILE = mainPage/Info.plist;
				LD_RUNPATH_SEARCH_PATHS = (
					"$(inherited)",
					"@executable_path/Frameworks",
				);
				PRODUCT_BUNDLE_IDENTIFIER = com.minguking.foodia.mainPage;
				PRODUCT_NAME = "$(TARGET_NAME)";
				SWIFT_VERSION = 5.0;
				TARGETED_DEVICE_FAMILY = "1,2";
			};
			name = Release;
		};
/* End XCBuildConfiguration section */

/* Begin XCConfigurationList section */
		3D312C9F2414AB8E00448936 /* Build configuration list for PBXProject "mainPage" */ = {
			isa = XCConfigurationList;
			buildConfigurations = (
				3D312CB62414AB8F00448936 /* Debug */,
				3D312CB72414AB8F00448936 /* Release */,
			);
			defaultConfigurationIsVisible = 0;
			defaultConfigurationName = Release;
		};
		3D312CB82414AB8F00448936 /* Build configuration list for PBXNativeTarget "mainPage" */ = {
			isa = XCConfigurationList;
			buildConfigurations = (
				3D312CB92414AB8F00448936 /* Debug */,
				3D312CBA2414AB8F00448936 /* Release */,
			);
			defaultConfigurationIsVisible = 0;
			defaultConfigurationName = Release;
		};
/* End XCConfigurationList section */
	};
	rootObject = 3D312C9C2414AB8E00448936 /* Project object */;
}
